
Microsoft Visual Studio Solution File, Format Version 12.00
# Visual Studio Version 16
VisualStudioVersion = 16.0.28803.202
MinimumVisualStudioVersion = 10.0.40219.1
Project("{9A19103F-16F7-4668-BE54-9A1E7A4F7556}") = "SteamOpenIdConnectProvider", "SteamOpenIdConnectProvider.csproj", "{39261E1A-B9AB-45C1-991E-B88ED3E076A2}"
EndProject
Global
	GlobalSection(SolutionConfigurationPlatforms) = preSolution
		Debug|Any CPU = Debug|Any CPU
		Release|Any CPU = Release|Any CPU
	EndGlobalSection
	GlobalSection(ProjectConfigurationPlatforms) = postSolution
		{39261E1A-B9AB-45C1-991E-B88ED3E076A2}.Debug|Any CPU.ActiveCfg = Debug|Any CPU
		{39261E1A-B9AB-45C1-991E-B88ED3E076A2}.Debug|Any CPU.Build.0 = Debug|Any CPU
		{39261E1A-B9AB-45C1-991E-B88ED3E076A2}.Release|Any CPU.ActiveCfg = Release|Any CPU
		{39261E1A-B9AB-45C1-991E-B88ED3E076A2}.Release|Any CPU.Build.0 = Release|Any CPU
	EndGlobalSection
	GlobalSection(SolutionProperties) = preSolution
		HideSolutionNode = FALSE
	EndGlobalSection
	GlobalSection(ExtensibilityGlobals) = postSolution
		SolutionGuid = {9BCD5B86-0661-4AF9-A17E-7710A46BF914}
	EndGlobalSection
EndGlobal
